
Microsoft Visual Studio Solution File, Format Version 12.00
# Visual Studio 15
Project("{FAE04EC0-301F-11D3-BF4B-00C04F79EFBC}") = "Assembly-CSharp", "Assembly-CSharp.csproj", "{617F1D1C-05FC-01AA-346C-F4C349A7EFCB}"
EndProject
Project("{FAE04EC0-301F-11D3-BF4B-00C04F79EFBC}") = "Unity.2D.Animation.Samples.Runtime", "Unity.2D.Animation.Samples.Runtime.csproj", "{23E0EBF7-2995-66B0-D8BF-C4E5E8628295}"
EndProject
Project("{FAE04EC0-301F-11D3-BF4B-00C04F79EFBC}") = "Unity.2D.Animation.Samples.Dependency", "Unity.2D.Animation.Samples.Dependency.csproj", "{1ABD0020-6DE5-859B-6E0B-54A51E859CC8}"
EndProject
Project("{FAE04EC0-301F-11D3-BF4B-00C04F79EFBC}") = "Unity.2D.Animation.Samples.Editor", "Unity.2D.Animation.Samples.Editor.csproj", "{3190718C-709A-C0EB-E04E-8B79FC9C0877}"
EndProject
Global
	GlobalSection(SolutionConfigurationPlatforms) = preSolution
		Debug|Any CPU = Debug|Any CPU
		Release|Any CPU = Release|Any CPU
	EndGlobalSection
	GlobalSection(ProjectConfigurationPlatforms) = postSolution
		{617F1D1C-05FC-01AA-346C-F4C349A7EFCB}.Debug|Any CPU.ActiveCfg = Debug|Any CPU
		{617F1D1C-05FC-01AA-346C-F4C349A7EFCB}.Debug|Any CPU.Build.0 = Debug|Any CPU
		{617F1D1C-05FC-01AA-346C-F4C349A7EFCB}.Release|Any CPU.ActiveCfg = Release|Any CPU
		{617F1D1C-05FC-01AA-346C-F4C349A7EFCB}.Release|Any CPU.Build.0 = Release|Any CPU
		{23E0EBF7-2995-66B0-D8BF-C4E5E8628295}.Debug|Any CPU.ActiveCfg = Debug|Any CPU
		{23E0EBF7-2995-66B0-D8BF-C4E5E8628295}.Debug|Any CPU.Build.0 = Debug|Any CPU
		{23E0EBF7-2995-66B0-D8BF-C4E5E8628295}.Release|Any CPU.ActiveCfg = Release|Any CPU
		{23E0EBF7-2995-66B0-D8BF-C4E5E8628295}.Release|Any CPU.Build.0 = Release|Any CPU
		{1ABD0020-6DE5-859B-6E0B-54A51E859CC8}.Debug|Any CPU.ActiveCfg = Debug|Any CPU
		{1ABD0020-6DE5-859B-6E0B-54A51E859CC8}.Debug|Any CPU.Build.0 = Debug|Any CPU
		{1ABD0020-6DE5-859B-6E0B-54A51E859CC8}.Release|Any CPU.ActiveCfg = Release|Any CPU
		{1ABD0020-6DE5-859B-6E0B-54A51E859CC8}.Release|Any CPU.Build.0 = Release|Any CPU
		{3190718C-709A-C0EB-E04E-8B79FC9C0877}.Debug|Any CPU.ActiveCfg = Debug|Any CPU
		{3190718C-709A-C0EB-E04E-8B79FC9C0877}.Debug|Any CPU.Build.0 = Debug|Any CPU
		{3190718C-709A-C0EB-E04E-8B79FC9C0877}.Release|Any CPU.ActiveCfg = Release|Any CPU
		{3190718C-709A-C0EB-E04E-8B79FC9C0877}.Release|Any CPU.Build.0 = Release|Any CPU
	EndGlobalSection
	GlobalSection(SolutionProperties) = preSolution
		HideSolutionNode = FALSE
	EndGlobalSection
EndGlobal
